
Microsoft Visual Studio Solution File, Format Version 12.00
Project("{FAE04EC0-301F-11D3-BF4B-00C04F79EFBC}") = "Mug.CheckoutApp.Web", "Mug.CheckoutApp.Web\Mug.CheckoutApp.Web.csproj", "{D610E8B8-5BDC-4F85-A9C8-331AA76BEDFC}"
EndProject
Project("{FAE04EC0-301F-11D3-BF4B-00C04F79EFBC}") = "Mug.CheckoutApp.Strategy", "Mug.CheckoutApp.Strategy\Mug.CheckoutApp.Strategy.csproj", "{BF920158-E866-4C06-BD32-5538901DF47B}"
EndProject
Project("{FAE04EC0-301F-11D3-BF4B-00C04F79EFBC}") = "Mug.CheckoutApp.Data", "Mug.CheckoutApp.Data\Mug.CheckoutApp.Data.csproj", "{9AC92290-D0D6-4A30-A187-CFDF74898F85}"
EndProject
Project("{FAE04EC0-301F-11D3-BF4B-00C04F79EFBC}") = "Mug.CheckoutApp.Service", "Mug.CheckoutApp.Service\Mug.CheckoutApp.Service.csproj", "{0577D826-A75E-4D85-B3A6-73A38EE2D9E9}"
EndProject
Project("{2150E333-8FDC-42A3-9474-1A3956D46DE8}") = "Tests", "Tests", "{3C19D561-D464-4ED7-B7C8-67DE0AD06FC9}"
EndProject
Project("{FAE04EC0-301F-11D3-BF4B-00C04F79EFBC}") = "Mug.CheckoutApp.Service.Test", "Mug.CheckoutApp.Service.Test\Mug.CheckoutApp.Service.Test.csproj", "{700F0034-285A-4713-A30E-ACA1CCC22A99}"
EndProject
Project("{FAE04EC0-301F-11D3-BF4B-00C04F79EFBC}") = "Mug.CheckoutApp.Strategy.Test", "Mug.CheckoutApp.Strategy.Test\Mug.CheckoutApp.Strategy.Test.csproj", "{881EC991-90F3-418F-94CC-924CF17A6202}"
EndProject
Global
	GlobalSection(SolutionConfigurationPlatforms) = preSolution
		Debug|Any CPU = Debug|Any CPU
		Release|Any CPU = Release|Any CPU
	EndGlobalSection
	GlobalSection(ProjectConfigurationPlatforms) = postSolution
		{D610E8B8-5BDC-4F85-A9C8-331AA76BEDFC}.Debug|Any CPU.ActiveCfg = Debug|Any CPU
		{D610E8B8-5BDC-4F85-A9C8-331AA76BEDFC}.Debug|Any CPU.Build.0 = Debug|Any CPU
		{D610E8B8-5BDC-4F85-A9C8-331AA76BEDFC}.Release|Any CPU.ActiveCfg = Release|Any CPU
		{D610E8B8-5BDC-4F85-A9C8-331AA76BEDFC}.Release|Any CPU.Build.0 = Release|Any CPU
		{BF920158-E866-4C06-BD32-5538901DF47B}.Debug|Any CPU.ActiveCfg = Debug|Any CPU
		{BF920158-E866-4C06-BD32-5538901DF47B}.Debug|Any CPU.Build.0 = Debug|Any CPU
		{BF920158-E866-4C06-BD32-5538901DF47B}.Release|Any CPU.ActiveCfg = Release|Any CPU
		{BF920158-E866-4C06-BD32-5538901DF47B}.Release|Any CPU.Build.0 = Release|Any CPU
		{9AC92290-D0D6-4A30-A187-CFDF74898F85}.Debug|Any CPU.ActiveCfg = Debug|Any CPU
		{9AC92290-D0D6-4A30-A187-CFDF74898F85}.Debug|Any CPU.Build.0 = Debug|Any CPU
		{9AC92290-D0D6-4A30-A187-CFDF74898F85}.Release|Any CPU.ActiveCfg = Release|Any CPU
		{9AC92290-D0D6-4A30-A187-CFDF74898F85}.Release|Any CPU.Build.0 = Release|Any CPU
		{0577D826-A75E-4D85-B3A6-73A38EE2D9E9}.Debug|Any CPU.ActiveCfg = Debug|Any CPU
		{0577D826-A75E-4D85-B3A6-73A38EE2D9E9}.Debug|Any CPU.Build.0 = Debug|Any CPU
		{0577D826-A75E-4D85-B3A6-73A38EE2D9E9}.Release|Any CPU.ActiveCfg = Release|Any CPU
		{0577D826-A75E-4D85-B3A6-73A38EE2D9E9}.Release|Any CPU.Build.0 = Release|Any CPU
		{700F0034-285A-4713-A30E-ACA1CCC22A99}.Debug|Any CPU.ActiveCfg = Debug|Any CPU
		{700F0034-285A-4713-A30E-ACA1CCC22A99}.Debug|Any CPU.Build.0 = Debug|Any CPU
		{700F0034-285A-4713-A30E-ACA1CCC22A99}.Release|Any CPU.ActiveCfg = Release|Any CPU
		{700F0034-285A-4713-A30E-ACA1CCC22A99}.Release|Any CPU.Build.0 = Release|Any CPU
		{881EC991-90F3-418F-94CC-924CF17A6202}.Debug|Any CPU.ActiveCfg = Debug|Any CPU
		{881EC991-90F3-418F-94CC-924CF17A6202}.Debug|Any CPU.Build.0 = Debug|Any CPU
		{881EC991-90F3-418F-94CC-924CF17A6202}.Release|Any CPU.ActiveCfg = Release|Any CPU
		{881EC991-90F3-418F-94CC-924CF17A6202}.Release|Any CPU.Build.0 = Release|Any CPU
	EndGlobalSection
	GlobalSection(NestedProjects) = preSolution
		{700F0034-285A-4713-A30E-ACA1CCC22A99} = {3C19D561-D464-4ED7-B7C8-67DE0AD06FC9}
		{881EC991-90F3-418F-94CC-924CF17A6202} = {3C19D561-D464-4ED7-B7C8-67DE0AD06FC9}
	EndGlobalSection
EndGlobal
